
Microsoft Visual Studio Solution File, Format Version 12.00
# Visual Studio Version 17
VisualStudioVersion = 17.4.33213.308
MinimumVisualStudioVersion = 10.0.40219.1
Project("{FAE04EC0-301F-11D3-BF4B-00C04F79EFBC}") = "Console Game", "Console Game\Console Game.csproj", "{CD9DD27C-E3AF-49EB-88F4-50D36CF70A41}"
EndProject
Global
	GlobalSection(SolutionConfigurationPlatforms) = preSolution
		Debug|Any CPU = Debug|Any CPU
		Release|Any CPU = Release|Any CPU
	EndGlobalSection
	GlobalSection(ProjectConfigurationPlatforms) = postSolution
		{CD9DD27C-E3AF-49EB-88F4-50D36CF70A41}.Debug|Any CPU.ActiveCfg = Debug|Any CPU
		{CD9DD27C-E3AF-49EB-88F4-50D36CF70A41}.Debug|Any CPU.Build.0 = Debug|Any CPU
		{CD9DD27C-E3AF-49EB-88F4-50D36CF70A41}.Release|Any CPU.ActiveCfg = Release|Any CPU
		{CD9DD27C-E3AF-49EB-88F4-50D36CF70A41}.Release|Any CPU.Build.0 = Release|Any CPU
	EndGlobalSection
	GlobalSection(SolutionProperties) = preSolution
		HideSolutionNode = FALSE
	EndGlobalSection
	GlobalSection(ExtensibilityGlobals) = postSolution
		SolutionGuid = {3B111A0A-AAC3-4D98-B9C5-751B55DE2858}
	EndGlobalSection
EndGlobal
